
Microsoft Visual Studio Solution File, Format Version 12.00
# Visual Studio 15
VisualStudioVersion = 15.0.26730.16
MinimumVisualStudioVersion = 10.0.40219.1
Project("{FAE04EC0-301F-11D3-BF4B-00C04F79EFBC}") = "wikicast", "wikicast\wikicast.csproj", "{5E8F5890-033F-43A3-B791-AB2B864C8340}"
EndProject
Global
	GlobalSection(SolutionConfigurationPlatforms) = preSolution
		Debug|Any CPU = Debug|Any CPU
		Release|Any CPU = Release|Any CPU
	EndGlobalSection
	GlobalSection(ProjectConfigurationPlatforms) = postSolution
		{5E8F5890-033F-43A3-B791-AB2B864C8340}.Debug|Any CPU.ActiveCfg = Debug|Any CPU
		{5E8F5890-033F-43A3-B791-AB2B864C8340}.Debug|Any CPU.Build.0 = Debug|Any CPU
		{5E8F5890-033F-43A3-B791-AB2B864C8340}.Release|Any CPU.ActiveCfg = Release|Any CPU
		{5E8F5890-033F-43A3-B791-AB2B864C8340}.Release|Any CPU.Build.0 = Release|Any CPU
	EndGlobalSection
	GlobalSection(SolutionProperties) = preSolution
		HideSolutionNode = FALSE
	EndGlobalSection
	GlobalSection(ExtensibilityGlobals) = postSolution
		SolutionGuid = {BEA2D5CD-44B6-4025-9E69-E7AC629769E6}
	EndGlobalSection
EndGlobal
